# generated by rye
# use `rye lock` or `rye sync` to update this lockfile
#
# last locked with the following flags:
#   pre: false
#   features: []
#   all-features: false
#   with-sources: false
#   generate-hashes: false
#   universal: false

-e file:.
annotated-types==0.7.0
    # via pydantic
cfgv==3.4.0
    # via pre-commit
coverage==7.6.0
    # via pytest-cov
distlib==0.3.8
    # via virtualenv
filelock==3.15.4
    # via virtualenv
identify==2.6.0
    # via pre-commit
iniconfig==2.0.0
    # via pytest
mypy==1.11.0
mypy-extensions==1.0.0
    # via mypy
nodeenv==1.9.1
    # via pre-commit
packaging==24.1
    # via pytest
platformdirs==4.2.2
    # via virtualenv
pluggy==1.5.0
    # via pytest
pre-commit==3.7.1
pydantic==2.8.2
    # via light-types
pydantic-core==2.20.1
    # via pydantic
pytest==8.3.2
    # via pytest-cov
pytest-cov==5.0.0
pyyaml==6.0.1
    # via pre-commit
ruff==0.5.5
typing-extensions==4.12.2
    # via mypy
    # via pydantic
    # via pydantic-core
virtualenv==20.26.3
    # via pre-commit
